
Microsoft Visual Studio Solution File, Format Version 12.00
# Visual Studio Version 17
VisualStudioVersion = 17.5.002.0
MinimumVisualStudioVersion = 10.0.40219.1
Project("{9A19103F-16F7-4668-BE54-9A1E7A4F7556}") = "dfs", "dfs\dfs.csproj", "{0397780F-5C49-4AC2-9815-BA5D3823FF61}"
EndProject
Global
	GlobalSection(SolutionConfigurationPlatforms) = preSolution
		Debug|Any CPU = Debug|Any CPU
		Release|Any CPU = Release|Any CPU
	EndGlobalSection
	GlobalSection(ProjectConfigurationPlatforms) = postSolution
		{0397780F-5C49-4AC2-9815-BA5D3823FF61}.Debug|Any CPU.ActiveCfg = Debug|Any CPU
		{0397780F-5C49-4AC2-9815-BA5D3823FF61}.Debug|Any CPU.Build.0 = Debug|Any CPU
		{0397780F-5C49-4AC2-9815-BA5D3823FF61}.Release|Any CPU.ActiveCfg = Release|Any CPU
		{0397780F-5C49-4AC2-9815-BA5D3823FF61}.Release|Any CPU.Build.0 = Release|Any CPU
	EndGlobalSection
	GlobalSection(SolutionProperties) = preSolution
		HideSolutionNode = FALSE
	EndGlobalSection
	GlobalSection(ExtensibilityGlobals) = postSolution
		SolutionGuid = {F88B27DB-ECB2-4984-BF9C-17E2465C07D5}
	EndGlobalSection
EndGlobal
