
Microsoft Visual Studio Solution File, Format Version 12.00
# Visual Studio Version 17
VisualStudioVersion = 17.5.002.0
MinimumVisualStudioVersion = 10.0.40219.1
Project("{9A19103F-16F7-4668-BE54-9A1E7A4F7556}") = "dfslib", "dfslib\dfslib.csproj", "{4193C0B7-268B-44CB-9213-1F7E98AE5614}"
EndProject
Project("{9A19103F-16F7-4668-BE54-9A1E7A4F7556}") = "dfs", "dfs\dfs.csproj", "{AB64DDED-8372-452E-9794-F9B9E703EB19}"
EndProject
Global
	GlobalSection(SolutionConfigurationPlatforms) = preSolution
		Debug|Any CPU = Debug|Any CPU
		Release|Any CPU = Release|Any CPU
	EndGlobalSection
	GlobalSection(ProjectConfigurationPlatforms) = postSolution
		{4193C0B7-268B-44CB-9213-1F7E98AE5614}.Debug|Any CPU.ActiveCfg = Debug|Any CPU
		{4193C0B7-268B-44CB-9213-1F7E98AE5614}.Debug|Any CPU.Build.0 = Debug|Any CPU
		{4193C0B7-268B-44CB-9213-1F7E98AE5614}.Release|Any CPU.ActiveCfg = Release|Any CPU
		{4193C0B7-268B-44CB-9213-1F7E98AE5614}.Release|Any CPU.Build.0 = Release|Any CPU
		{AB64DDED-8372-452E-9794-F9B9E703EB19}.Debug|Any CPU.ActiveCfg = Debug|Any CPU
		{AB64DDED-8372-452E-9794-F9B9E703EB19}.Debug|Any CPU.Build.0 = Debug|Any CPU
		{AB64DDED-8372-452E-9794-F9B9E703EB19}.Release|Any CPU.ActiveCfg = Release|Any CPU
		{AB64DDED-8372-452E-9794-F9B9E703EB19}.Release|Any CPU.Build.0 = Release|Any CPU
	EndGlobalSection
	GlobalSection(SolutionProperties) = preSolution
		HideSolutionNode = FALSE
	EndGlobalSection
	GlobalSection(ExtensibilityGlobals) = postSolution
		SolutionGuid = {B9B12C6F-10F4-4D7C-A443-C7C7C3BA6F1E}
	EndGlobalSection
EndGlobal
